{
  "name": "secret-storage",
  "version": "0.0.0",
  "lockfileVersion": 3,
  "requires": true,
  "packages": {
    "": {
      "name": "secret-storage",
      "version": "0.0.0",
      "license": "MIT",
      "devDependencies": {
        "@types/node": "^18.15.7"
      },
      "engines": {
        "node": ">=18.14.2",
        "npm": ">=9.5.0"
      }
    },
    "node_modules/@types/node": {
      "version": "18.15.7",
      "resolved": "https://registry.npmjs.org/@types/node/-/node-18.15.7.tgz",
      "integrity": "sha512-LFmUbFunqmBn26wJZgZPYZPrDR1RwGOu2v79Mgcka1ndO6V0/cwjivPTc4yoK6n9kmw4/ls1r8cLrvh2iMibFA==",
      "dev": true
    }
  }
}
